
Microsoft Visual Studio Solution File, Format Version 12.00
# Visual Studio 2013
VisualStudioVersion = 12.0.21005.1
MinimumVisualStudioVersion = 10.0.40219.1
Project("{FAE04EC0-301F-11D3-BF4B-00C04F79EFBC}") = "Model", "Model\Model.csproj", "{9632AD79-0C4B-48E3-8373-B4D11E740D21}"
EndProject
Project("{FAE04EC0-301F-11D3-BF4B-00C04F79EFBC}") = "SQLServerDAL", "SQLServerDAL\SQLServerDAL.csproj", "{85C80526-989A-42AE-BF5A-CD8E316C51A3}"
EndProject
Project("{FAE04EC0-301F-11D3-BF4B-00C04F79EFBC}") = "DBUtility", "DBUtility\DBUtility.csproj", "{E036CA35-50C3-4396-B643-B3CCFD8519A9}"
EndProject
Project("{E24C65DC-7377-472B-9ABA-BC803B73C61A}") = "WebSites", "WebSites\", "{14B57A1D-8390-4823-8BB6-D5F0F65AAC92}"
	ProjectSection(WebsiteProperties) = preProject
		SccProjectName = ""
		SccAuxPath = ""
		SccLocalPath = ""
		SccProvider = ""
		TargetFrameworkMoniker = ".NETFramework,Version%3Dv4.0"
		ProjectReferences = "{9632AD79-0C4B-48E3-8373-B4D11E740D21}|VAGastronomistMobileApp.Model.dll;{E036CA35-50C3-4396-B643-B3CCFD8519A9}|VAGastronomistMobileApp.DBUtility.dll;{1A15EAA5-ECA7-4A8F-8A56-E2ADA6224E25}|VAGastronomistMobileApp.WebPageDll.dll;{C1154025-FCAB-40AF-A715-91D10420C321}|CE.iPhone.PList.dll;{8907FB4C-A733-4661-B629-6E4C2B92D625}|ChineseCharacterToPinyin.dll;{BD03D646-3EA5-45D2-A8B7-6A93CAD38820}|LogManager.dll;{8732F2D7-AEB1-4ED7-9231-3FC9195096EC}|SMSYimei.dll;{7D95068B-D52F-4DAA-A653-6D1011068C2F}|VA.AllNotifications.dll;{4CFB9AA8-55F8-46DC-B7BD-9E18B9939110}|JdSoft.Apns.Notifications.dll;{85C80526-989A-42AE-BF5A-CD8E316C51A3}|VAGastronomistMobileApp.SQLServerDAL.dll;{6F2ABD2F-1A42-4D98-990D-F91588C1E1B0}|VAGastronomistMobileApp.TheThirdPartyPaymentDll.dll;{136AE96C-3FE9-48D0-9AAC-3593AEC355C3}|SMSGuoDu.dll;{0E50EB3D-CEC5-4CF8-9E06-4DDFC8B309D3}|CloudStorage.dll;{870B718C-FB26-4652-9CE4-5F21DE3BEBCE}|IDishMenuAsynUpdate.dll;{ffd3110b-2629-45c7-9349-fc9c117251c8}|Web.Control.dll;{81fa7a40-543a-477b-a0c1-e4317811195b}|VA.Cache.dll;{7B8058F9-8CA4-409B-BFC6-D7335F644BBA}|SMS.dll;{88D23B8F-8904-462B-A24C-347148516085}|VA.CacheLogic.dll;{F4779566-D8EB-42CD-8493-A34172C8674D}|UmengPush.dll;"
		Debug.AspNetCompiler.VirtualPath = "/PrecompiledWeb"
		Debug.AspNetCompiler.PhysicalPath = "WebSites\"
		Debug.AspNetCompiler.TargetPath = "PrecompiledWeb\"
		Debug.AspNetCompiler.Updateable = "true"
		Debug.AspNetCompiler.ForceOverwrite = "true"
		Debug.AspNetCompiler.FixedNames = "false"
		Debug.AspNetCompiler.Debug = "True"
		Release.AspNetCompiler.VirtualPath = "/PrecompiledWeb"
		Release.AspNetCompiler.PhysicalPath = "WebSites\"
		Release.AspNetCompiler.TargetPath = "PrecompiledWeb\"
		Release.AspNetCompiler.Updateable = "true"
		Release.AspNetCompiler.ForceOverwrite = "true"
		Release.AspNetCompiler.FixedNames = "false"
		Release.AspNetCompiler.Debug = "False"
		VWDPort = "54020"
		VWDDynamicPort = "false"
		VWDVirtualPath = "/WebSites/"
		SlnRelativePath = "WebSites\"
		DefaultWebSiteLanguage = "Visual C#"
		StartServerOnDebug = "true"
	EndProjectSection
	ProjectSection(SvnOrigin) = preProject
		@Keys = Enlist,Svn.Uri
		Enlist = Required
		Svn.Uri = WebSites/
	EndProjectSection
EndProject
Project("{FAE04EC0-301F-11D3-BF4B-00C04F79EFBC}") = "PList", "PList\PList.csproj", "{C1154025-FCAB-40AF-A715-91D10420C321}"
EndProject
Project("{FAE04EC0-301F-11D3-BF4B-00C04F79EFBC}") = "WebPageDll", "WebPageDll\WebPageDll.csproj", "{1A15EAA5-ECA7-4A8F-8A56-E2ADA6224E25}"
EndProject
Project("{FAE04EC0-301F-11D3-BF4B-00C04F79EFBC}") = "ChineseCharacterToPinyin", "ChineseCharacterToPinyin\ChineseCharacterToPinyin.csproj", "{8907FB4C-A733-4661-B629-6E4C2B92D625}"
EndProject
Project("{FAE04EC0-301F-11D3-BF4B-00C04F79EFBC}") = "SMSYimei", "SMSYimei\SMSYimei.csproj", "{8732F2D7-AEB1-4ED7-9231-3FC9195096EC}"
EndProject
Project("{FAE04EC0-301F-11D3-BF4B-00C04F79EFBC}") = "AllNotifications", "AllNotifications\AllNotifications.csproj", "{7D95068B-D52F-4DAA-A653-6D1011068C2F}"
EndProject
Project("{FAE04EC0-301F-11D3-BF4B-00C04F79EFBC}") = "JdSoft.Apple.Apns.Notifications", "JdSoft.Apple.Apns.Notifications\JdSoft.Apple.Apns.Notifications.csproj", "{4CFB9AA8-55F8-46DC-B7BD-9E18B9939110}"
EndProject
Project("{FAE04EC0-301F-11D3-BF4B-00C04F79EFBC}") = "CSVhelper", "CSVhelper\CSVhelper.csproj", "{0898C8D9-0170-4CC6-A738-60D4553B9951}"
EndProject
Project("{FAE04EC0-301F-11D3-BF4B-00C04F79EFBC}") = "ESCPOSSerialPrint", "ESCPOSSerialPrint\ESCPOSSerialPrint.csproj", "{AE737D46-D5FE-412D-A65B-54C8850DE105}"
EndProject
Project("{FAE04EC0-301F-11D3-BF4B-00C04F79EFBC}") = "WechatService", "WechatService\WechatService.csproj", "{40F8DC53-0890-4975-A413-6B3880E64221}"
EndProject
Project("{FAE04EC0-301F-11D3-BF4B-00C04F79EFBC}") = "LogDll", "LogManager\LogDll.csproj", "{BD03D646-3EA5-45D2-A8B7-6A93CAD38820}"
EndProject
Project("{FAE04EC0-301F-11D3-BF4B-00C04F79EFBC}") = "TheThirdPartyPaymentDll", "TheThirdPartyPaymentDll\TheThirdPartyPaymentDll.csproj", "{6F2ABD2F-1A42-4D98-990D-F91588C1E1B0}"
EndProject
Project("{FAE04EC0-301F-11D3-BF4B-00C04F79EFBC}") = "NCombo", "NCombo\NCombo.csproj", "{F5925008-DE62-459D-9A0B-20EEBCCF4F4E}"
EndProject
Project("{FAE04EC0-301F-11D3-BF4B-00C04F79EFBC}") = "NotificationService", "NotificationService\NotificationService.csproj", "{3F1B48BB-4317-4F4C-85EE-353C65BE54BD}"
EndProject
Project("{FAE04EC0-301F-11D3-BF4B-00C04F79EFBC}") = "VAShopVerifyService", "VAShopVerifyService\VAShopVerifyService.csproj", "{32F73585-D685-4D73-98E8-41463A525B0D}"
EndProject
Project("{FAE04EC0-301F-11D3-BF4B-00C04F79EFBC}") = "SMSGuoDu", "SMSGuoDu\SMSGuoDu.csproj", "{136AE96C-3FE9-48D0-9AAC-3593AEC355C3}"
EndProject
Project("{FAE04EC0-301F-11D3-BF4B-00C04F79EFBC}") = "CloudStorage", "CloudStorage\CloudStorage.csproj", "{0E50EB3D-CEC5-4CF8-9E06-4DDFC8B309D3}"
EndProject
Project("{FAE04EC0-301F-11D3-BF4B-00C04F79EFBC}") = "IDishMenuAsynUpdate", "IDishMenuAsynUpdate\IDishMenuAsynUpdate.csproj", "{870B718C-FB26-4652-9CE4-5F21DE3BEBCE}"
EndProject
Project("{FAE04EC0-301F-11D3-BF4B-00C04F79EFBC}") = "DishMenuAsynUpdate.Core", "DishMenuAsynUpdate.Core\DishMenuAsynUpdate.Core.csproj", "{8820F77D-A385-412B-A35F-562A37F1A8B6}"
EndProject
Project("{FAE04EC0-301F-11D3-BF4B-00C04F79EFBC}") = "DishMenuAsynUpdate", "DishMenuAsynUpdate\DishMenuAsynUpdate.csproj", "{5787395C-B952-4274-9B89-26126F294EFA}"
EndProject
Project("{FAE04EC0-301F-11D3-BF4B-00C04F79EFBC}") = "DishMenuAsynUpdate.WindowsService", "DishMenuAsynUpdate.WindowsService\DishMenuAsynUpdate.WindowsService.csproj", "{4D1F20B6-4AC4-45D3-918A-C4DAFC95435F}"
EndProject
Project("{FAE04EC0-301F-11D3-BF4B-00C04F79EFBC}") = "TenpayRefundCheck.WindowsService", "TenpayRefundCheck.WindowsService\TenpayRefundCheck.WindowsService.csproj", "{13DAA171-0F3E-4EC2-9EDC-3073D0EC5FC0}"
EndProject
Project("{2150E333-8FDC-42A3-9474-1A3956D46DE8}") = "1-核心三层", "1-核心三层", "{0843E061-02CA-422A-9E12-D4E027789127}"
EndProject
Project("{2150E333-8FDC-42A3-9474-1A3956D46DE8}") = "2-网站系统", "2-网站系统", "{01F721A3-2B8D-41E4-A50F-3D259FC8E4C0}"
EndProject
Project("{2150E333-8FDC-42A3-9474-1A3956D46DE8}") = "3-辅助项目", "3-辅助项目", "{D3FEC292-21D9-4DE0-94A5-732EAA7DE1DA}"
EndProject
Project("{FAE04EC0-301F-11D3-BF4B-00C04F79EFBC}") = "Web.Control", "Web.Control\Web.Control.csproj", "{FFD3110B-2629-45C7-9349-FC9C117251C8}"
EndProject
Project("{FAE04EC0-301F-11D3-BF4B-00C04F79EFBC}") = "VA.Cache", "VA.Cache\VA.Cache.csproj", "{81FA7A40-543A-477B-A0C1-E4317811195B}"
EndProject
Project("{2150E333-8FDC-42A3-9474-1A3956D46DE8}") = "0-测试", "0-测试", "{58F0A257-CDBA-488D-B1D3-A218E710CC3A}"
EndProject
Project("{FAE04EC0-301F-11D3-BF4B-00C04F79EFBC}") = "VA.CacheLogic", "VA.CacheLogic\VA.CacheLogic.csproj", "{88D23B8F-8904-462B-A24C-347148516085}"
EndProject
Project("{FAE04EC0-301F-11D3-BF4B-00C04F79EFBC}") = "SMS", "SMS\SMS.csproj", "{7B8058F9-8CA4-409B-BFC6-D7335F644BBA}"
EndProject
Project("{FAE04EC0-301F-11D3-BF4B-00C04F79EFBC}") = "CustomNotificationService", "CustomNotificationService\CustomNotificationService.csproj", "{F80366BC-7EE7-4A67-9702-8449E9C50A7C}"
EndProject
Project("{FAE04EC0-301F-11D3-BF4B-00C04F79EFBC}") = "MealOrderService", "MealOrderService\MealOrderService.csproj", "{6425F0D5-9E95-4274-8B96-7E3ED595A243}"
EndProject
Project("{FAE04EC0-301F-11D3-BF4B-00C04F79EFBC}") = "UmengPush", "UmengPush\UmengPush.csproj", "{F4779566-D8EB-42CD-8493-A34172C8674D}"
EndProject
Global
	GlobalSection(SolutionConfigurationPlatforms) = preSolution
		Debug|Any CPU = Debug|Any CPU
		Debug|Mixed Platforms = Debug|Mixed Platforms
		Debug|x86 = Debug|x86
		Release|Any CPU = Release|Any CPU
		Release|Mixed Platforms = Release|Mixed Platforms
		Release|x86 = Release|x86
	EndGlobalSection
	GlobalSection(ProjectConfigurationPlatforms) = postSolution
		{9632AD79-0C4B-48E3-8373-B4D11E740D21}.Debug|Any CPU.ActiveCfg = Debug|Any CPU
		{9632AD79-0C4B-48E3-8373-B4D11E740D21}.Debug|Any CPU.Build.0 = Debug|Any CPU
		{9632AD79-0C4B-48E3-8373-B4D11E740D21}.Debug|Mixed Platforms.ActiveCfg = Debug|Any CPU
		{9632AD79-0C4B-48E3-8373-B4D11E740D21}.Debug|Mixed Platforms.Build.0 = Debug|Any CPU
		{9632AD79-0C4B-48E3-8373-B4D11E740D21}.Debug|x86.ActiveCfg = Debug|Any CPU
		{9632AD79-0C4B-48E3-8373-B4D11E740D21}.Release|Any CPU.ActiveCfg = Release|Any CPU
		{9632AD79-0C4B-48E3-8373-B4D11E740D21}.Release|Any CPU.Build.0 = Release|Any CPU
		{9632AD79-0C4B-48E3-8373-B4D11E740D21}.Release|Mixed Platforms.ActiveCfg = Release|Any CPU
		{9632AD79-0C4B-48E3-8373-B4D11E740D21}.Release|Mixed Platforms.Build.0 = Release|Any CPU
		{9632AD79-0C4B-48E3-8373-B4D11E740D21}.Release|x86.ActiveCfg = Release|Any CPU
		{85C80526-989A-42AE-BF5A-CD8E316C51A3}.Debug|Any CPU.ActiveCfg = Debug|Any CPU
		{85C80526-989A-42AE-BF5A-CD8E316C51A3}.Debug|Any CPU.Build.0 = Debug|Any CPU
		{85C80526-989A-42AE-BF5A-CD8E316C51A3}.Debug|Mixed Platforms.ActiveCfg = Debug|Any CPU
		{85C80526-989A-42AE-BF5A-CD8E316C51A3}.Debug|Mixed Platforms.Build.0 = Debug|Any CPU
		{85C80526-989A-42AE-BF5A-CD8E316C51A3}.Debug|x86.ActiveCfg = Debug|Any CPU
		{85C80526-989A-42AE-BF5A-CD8E316C51A3}.Release|Any CPU.ActiveCfg = Release|Any CPU
		{85C80526-989A-42AE-BF5A-CD8E316C51A3}.Release|Any CPU.Build.0 = Release|Any CPU
		{85C80526-989A-42AE-BF5A-CD8E316C51A3}.Release|Mixed Platforms.ActiveCfg = Release|Any CPU
		{85C80526-989A-42AE-BF5A-CD8E316C51A3}.Release|Mixed Platforms.Build.0 = Release|Any CPU
		{85C80526-989A-42AE-BF5A-CD8E316C51A3}.Release|x86.ActiveCfg = Release|Any CPU
		{E036CA35-50C3-4396-B643-B3CCFD8519A9}.Debug|Any CPU.ActiveCfg = Debug|Any CPU
		{E036CA35-50C3-4396-B643-B3CCFD8519A9}.Debug|Any CPU.Build.0 = Debug|Any CPU
		{E036CA35-50C3-4396-B643-B3CCFD8519A9}.Debug|Mixed Platforms.ActiveCfg = Debug|Any CPU
		{E036CA35-50C3-4396-B643-B3CCFD8519A9}.Debug|Mixed Platforms.Build.0 = Debug|Any CPU
		{E036CA35-50C3-4396-B643-B3CCFD8519A9}.Debug|x86.ActiveCfg = Debug|Any CPU
		{E036CA35-50C3-4396-B643-B3CCFD8519A9}.Release|Any CPU.ActiveCfg = Release|Any CPU
		{E036CA35-50C3-4396-B643-B3CCFD8519A9}.Release|Any CPU.Build.0 = Release|Any CPU
		{E036CA35-50C3-4396-B643-B3CCFD8519A9}.Release|Mixed Platforms.ActiveCfg = Release|Any CPU
		{E036CA35-50C3-4396-B643-B3CCFD8519A9}.Release|Mixed Platforms.Build.0 = Release|Any CPU
		{E036CA35-50C3-4396-B643-B3CCFD8519A9}.Release|x86.ActiveCfg = Release|Any CPU
		{14B57A1D-8390-4823-8BB6-D5F0F65AAC92}.Debug|Any CPU.ActiveCfg = Debug|Any CPU
		{14B57A1D-8390-4823-8BB6-D5F0F65AAC92}.Debug|Any CPU.Build.0 = Debug|Any CPU
		{14B57A1D-8390-4823-8BB6-D5F0F65AAC92}.Debug|Mixed Platforms.ActiveCfg = Debug|Any CPU
		{14B57A1D-8390-4823-8BB6-D5F0F65AAC92}.Debug|Mixed Platforms.Build.0 = Debug|Any CPU
		{14B57A1D-8390-4823-8BB6-D5F0F65AAC92}.Debug|x86.ActiveCfg = Debug|Any CPU
		{14B57A1D-8390-4823-8BB6-D5F0F65AAC92}.Release|Any CPU.ActiveCfg = Debug|Any CPU
		{14B57A1D-8390-4823-8BB6-D5F0F65AAC92}.Release|Any CPU.Build.0 = Debug|Any CPU
		{14B57A1D-8390-4823-8BB6-D5F0F65AAC92}.Release|Mixed Platforms.ActiveCfg = Debug|Any CPU
		{14B57A1D-8390-4823-8BB6-D5F0F65AAC92}.Release|Mixed Platforms.Build.0 = Debug|Any CPU
		{14B57A1D-8390-4823-8BB6-D5F0F65AAC92}.Release|x86.ActiveCfg = Debug|Any CPU
		{C1154025-FCAB-40AF-A715-91D10420C321}.Debug|Any CPU.ActiveCfg = Debug|Any CPU
		{C1154025-FCAB-40AF-A715-91D10420C321}.Debug|Any CPU.Build.0 = Debug|Any CPU
		{C1154025-FCAB-40AF-A715-91D10420C321}.Debug|Mixed Platforms.ActiveCfg = Debug|Any CPU
		{C1154025-FCAB-40AF-A715-91D10420C321}.Debug|Mixed Platforms.Build.0 = Debug|Any CPU
		{C1154025-FCAB-40AF-A715-91D10420C321}.Debug|x86.ActiveCfg = Debug|Any CPU
		{C1154025-FCAB-40AF-A715-91D10420C321}.Release|Any CPU.ActiveCfg = Release|Any CPU
		{C1154025-FCAB-40AF-A715-91D10420C321}.Release|Any CPU.Build.0 = Release|Any CPU
		{C1154025-FCAB-40AF-A715-91D10420C321}.Release|Mixed Platforms.ActiveCfg = Release|Any CPU
		{C1154025-FCAB-40AF-A715-91D10420C321}.Release|Mixed Platforms.Build.0 = Release|Any CPU
		{C1154025-FCAB-40AF-A715-91D10420C321}.Release|x86.ActiveCfg = Release|Any CPU
		{1A15EAA5-ECA7-4A8F-8A56-E2ADA6224E25}.Debug|Any CPU.ActiveCfg = Debug|Any CPU
		{1A15EAA5-ECA7-4A8F-8A56-E2ADA6224E25}.Debug|Any CPU.Build.0 = Debug|Any CPU
		{1A15EAA5-ECA7-4A8F-8A56-E2ADA6224E25}.Debug|Mixed Platforms.ActiveCfg = Debug|Any CPU
		{1A15EAA5-ECA7-4A8F-8A56-E2ADA6224E25}.Debug|Mixed Platforms.Build.0 = Debug|Any CPU
		{1A15EAA5-ECA7-4A8F-8A56-E2ADA6224E25}.Debug|x86.ActiveCfg = Debug|Any CPU
		{1A15EAA5-ECA7-4A8F-8A56-E2ADA6224E25}.Release|Any CPU.ActiveCfg = Release|Any CPU
		{1A15EAA5-ECA7-4A8F-8A56-E2ADA6224E25}.Release|Any CPU.Build.0 = Release|Any CPU
		{1A15EAA5-ECA7-4A8F-8A56-E2ADA6224E25}.Release|Mixed Platforms.ActiveCfg = Release|Any CPU
		{1A15EAA5-ECA7-4A8F-8A56-E2ADA6224E25}.Release|Mixed Platforms.Build.0 = Release|Any CPU
		{1A15EAA5-ECA7-4A8F-8A56-E2ADA6224E25}.Release|x86.ActiveCfg = Release|Any CPU
		{8907FB4C-A733-4661-B629-6E4C2B92D625}.Debug|Any CPU.ActiveCfg = Debug|Any CPU
		{8907FB4C-A733-4661-B629-6E4C2B92D625}.Debug|Any CPU.Build.0 = Debug|Any CPU
		{8907FB4C-A733-4661-B629-6E4C2B92D625}.Debug|Mixed Platforms.ActiveCfg = Debug|Any CPU
		{8907FB4C-A733-4661-B629-6E4C2B92D625}.Debug|Mixed Platforms.Build.0 = Debug|Any CPU
		{8907FB4C-A733-4661-B629-6E4C2B92D625}.Debug|x86.ActiveCfg = Debug|Any CPU
		{8907FB4C-A733-4661-B629-6E4C2B92D625}.Release|Any CPU.ActiveCfg = Release|Any CPU
		{8907FB4C-A733-4661-B629-6E4C2B92D625}.Release|Any CPU.Build.0 = Release|Any CPU
		{8907FB4C-A733-4661-B629-6E4C2B92D625}.Release|Mixed Platforms.ActiveCfg = Release|Any CPU
		{8907FB4C-A733-4661-B629-6E4C2B92D625}.Release|Mixed Platforms.Build.0 = Release|Any CPU
		{8907FB4C-A733-4661-B629-6E4C2B92D625}.Release|x86.ActiveCfg = Release|Any CPU
		{8732F2D7-AEB1-4ED7-9231-3FC9195096EC}.Debug|Any CPU.ActiveCfg = Debug|Any CPU
		{8732F2D7-AEB1-4ED7-9231-3FC9195096EC}.Debug|Any CPU.Build.0 = Debug|Any CPU
		{8732F2D7-AEB1-4ED7-9231-3FC9195096EC}.Debug|Mixed Platforms.ActiveCfg = Debug|Any CPU
		{8732F2D7-AEB1-4ED7-9231-3FC9195096EC}.Debug|Mixed Platforms.Build.0 = Debug|Any CPU
		{8732F2D7-AEB1-4ED7-9231-3FC9195096EC}.Debug|x86.ActiveCfg = Debug|Any CPU
		{8732F2D7-AEB1-4ED7-9231-3FC9195096EC}.Release|Any CPU.ActiveCfg = Release|Any CPU
		{8732F2D7-AEB1-4ED7-9231-3FC9195096EC}.Release|Any CPU.Build.0 = Release|Any CPU
		{8732F2D7-AEB1-4ED7-9231-3FC9195096EC}.Release|Mixed Platforms.ActiveCfg = Release|Any CPU
		{8732F2D7-AEB1-4ED7-9231-3FC9195096EC}.Release|Mixed Platforms.Build.0 = Release|Any CPU
		{8732F2D7-AEB1-4ED7-9231-3FC9195096EC}.Release|x86.ActiveCfg = Release|Any CPU
		{7D95068B-D52F-4DAA-A653-6D1011068C2F}.Debug|Any CPU.ActiveCfg = Debug|Any CPU
		{7D95068B-D52F-4DAA-A653-6D1011068C2F}.Debug|Any CPU.Build.0 = Debug|Any CPU
		{7D95068B-D52F-4DAA-A653-6D1011068C2F}.Debug|Mixed Platforms.ActiveCfg = Debug|Any CPU
		{7D95068B-D52F-4DAA-A653-6D1011068C2F}.Debug|Mixed Platforms.Build.0 = Debug|Any CPU
		{7D95068B-D52F-4DAA-A653-6D1011068C2F}.Debug|x86.ActiveCfg = Debug|Any CPU
		{7D95068B-D52F-4DAA-A653-6D1011068C2F}.Release|Any CPU.ActiveCfg = Release|Any CPU
		{7D95068B-D52F-4DAA-A653-6D1011068C2F}.Release|Any CPU.Build.0 = Release|Any CPU
		{7D95068B-D52F-4DAA-A653-6D1011068C2F}.Release|Mixed Platforms.ActiveCfg = Release|Any CPU
		{7D95068B-D52F-4DAA-A653-6D1011068C2F}.Release|Mixed Platforms.Build.0 = Release|Any CPU
		{7D95068B-D52F-4DAA-A653-6D1011068C2F}.Release|x86.ActiveCfg = Release|Any CPU
		{4CFB9AA8-55F8-46DC-B7BD-9E18B9939110}.Debug|Any CPU.ActiveCfg = Debug|Any CPU
		{4CFB9AA8-55F8-46DC-B7BD-9E18B9939110}.Debug|Any CPU.Build.0 = Debug|Any CPU
		{4CFB9AA8-55F8-46DC-B7BD-9E18B9939110}.Debug|Mixed Platforms.ActiveCfg = Debug|Any CPU
		{4CFB9AA8-55F8-46DC-B7BD-9E18B9939110}.Debug|Mixed Platforms.Build.0 = Debug|Any CPU
		{4CFB9AA8-55F8-46DC-B7BD-9E18B9939110}.Debug|x86.ActiveCfg = Debug|Any CPU
		{4CFB9AA8-55F8-46DC-B7BD-9E18B9939110}.Release|Any CPU.ActiveCfg = Release|Any CPU
		{4CFB9AA8-55F8-46DC-B7BD-9E18B9939110}.Release|Any CPU.Build.0 = Release|Any CPU
		{4CFB9AA8-55F8-46DC-B7BD-9E18B9939110}.Release|Mixed Platforms.ActiveCfg = Release|Any CPU
		{4CFB9AA8-55F8-46DC-B7BD-9E18B9939110}.Release|Mixed Platforms.Build.0 = Release|Any CPU
		{4CFB9AA8-55F8-46DC-B7BD-9E18B9939110}.Release|x86.ActiveCfg = Release|Any CPU
		{0898C8D9-0170-4CC6-A738-60D4553B9951}.Debug|Any CPU.ActiveCfg = Debug|Any CPU
		{0898C8D9-0170-4CC6-A738-60D4553B9951}.Debug|Any CPU.Build.0 = Debug|Any CPU
		{0898C8D9-0170-4CC6-A738-60D4553B9951}.Debug|Mixed Platforms.ActiveCfg = Debug|Any CPU
		{0898C8D9-0170-4CC6-A738-60D4553B9951}.Debug|Mixed Platforms.Build.0 = Debug|Any CPU
		{0898C8D9-0170-4CC6-A738-60D4553B9951}.Debug|x86.ActiveCfg = Debug|Any CPU
		{0898C8D9-0170-4CC6-A738-60D4553B9951}.Release|Any CPU.ActiveCfg = Release|Any CPU
		{0898C8D9-0170-4CC6-A738-60D4553B9951}.Release|Any CPU.Build.0 = Release|Any CPU
		{0898C8D9-0170-4CC6-A738-60D4553B9951}.Release|Mixed Platforms.ActiveCfg = Release|Any CPU
		{0898C8D9-0170-4CC6-A738-60D4553B9951}.Release|Mixed Platforms.Build.0 = Release|Any CPU
		{0898C8D9-0170-4CC6-A738-60D4553B9951}.Release|x86.ActiveCfg = Release|Any CPU
		{AE737D46-D5FE-412D-A65B-54C8850DE105}.Debug|Any CPU.ActiveCfg = Debug|Any CPU
		{AE737D46-D5FE-412D-A65B-54C8850DE105}.Debug|Any CPU.Build.0 = Debug|Any CPU
		{AE737D46-D5FE-412D-A65B-54C8850DE105}.Debug|Mixed Platforms.ActiveCfg = Debug|Any CPU
		{AE737D46-D5FE-412D-A65B-54C8850DE105}.Debug|Mixed Platforms.Build.0 = Debug|Any CPU
		{AE737D46-D5FE-412D-A65B-54C8850DE105}.Debug|x86.ActiveCfg = Debug|Any CPU
		{AE737D46-D5FE-412D-A65B-54C8850DE105}.Release|Any CPU.ActiveCfg = Release|Any CPU
		{AE737D46-D5FE-412D-A65B-54C8850DE105}.Release|Any CPU.Build.0 = Release|Any CPU
		{AE737D46-D5FE-412D-A65B-54C8850DE105}.Release|Mixed Platforms.ActiveCfg = Release|Any CPU
		{AE737D46-D5FE-412D-A65B-54C8850DE105}.Release|Mixed Platforms.Build.0 = Release|Any CPU
		{AE737D46-D5FE-412D-A65B-54C8850DE105}.Release|x86.ActiveCfg = Release|Any CPU
		{40F8DC53-0890-4975-A413-6B3880E64221}.Debug|Any CPU.ActiveCfg = Debug|Any CPU
		{40F8DC53-0890-4975-A413-6B3880E64221}.Debug|Any CPU.Build.0 = Debug|Any CPU
		{40F8DC53-0890-4975-A413-6B3880E64221}.Debug|Mixed Platforms.ActiveCfg = Debug|Any CPU
		{40F8DC53-0890-4975-A413-6B3880E64221}.Debug|Mixed Platforms.Build.0 = Debug|Any CPU
		{40F8DC53-0890-4975-A413-6B3880E64221}.Debug|x86.ActiveCfg = Debug|Any CPU
		{40F8DC53-0890-4975-A413-6B3880E64221}.Release|Any CPU.ActiveCfg = Release|Any CPU
		{40F8DC53-0890-4975-A413-6B3880E64221}.Release|Any CPU.Build.0 = Release|Any CPU
		{40F8DC53-0890-4975-A413-6B3880E64221}.Release|Mixed Platforms.ActiveCfg = Release|Any CPU
		{40F8DC53-0890-4975-A413-6B3880E64221}.Release|Mixed Platforms.Build.0 = Release|Any CPU
		{40F8DC53-0890-4975-A413-6B3880E64221}.Release|x86.ActiveCfg = Release|Any CPU
		{BD03D646-3EA5-45D2-A8B7-6A93CAD38820}.Debug|Any CPU.ActiveCfg = Debug|Any CPU
		{BD03D646-3EA5-45D2-A8B7-6A93CAD38820}.Debug|Any CPU.Build.0 = Debug|Any CPU
		{BD03D646-3EA5-45D2-A8B7-6A93CAD38820}.Debug|Mixed Platforms.ActiveCfg = Debug|Any CPU
		{BD03D646-3EA5-45D2-A8B7-6A93CAD38820}.Debug|Mixed Platforms.Build.0 = Debug|Any CPU
		{BD03D646-3EA5-45D2-A8B7-6A93CAD38820}.Debug|x86.ActiveCfg = Debug|Any CPU
		{BD03D646-3EA5-45D2-A8B7-6A93CAD38820}.Release|Any CPU.ActiveCfg = Release|Any CPU
		{BD03D646-3EA5-45D2-A8B7-6A93CAD38820}.Release|Any CPU.Build.0 = Release|Any CPU
		{BD03D646-3EA5-45D2-A8B7-6A93CAD38820}.Release|Mixed Platforms.ActiveCfg = Release|Any CPU
		{BD03D646-3EA5-45D2-A8B7-6A93CAD38820}.Release|Mixed Platforms.Build.0 = Release|Any CPU
		{BD03D646-3EA5-45D2-A8B7-6A93CAD38820}.Release|x86.ActiveCfg = Release|Any CPU
		{6F2ABD2F-1A42-4D98-990D-F91588C1E1B0}.Debug|Any CPU.ActiveCfg = Debug|Any CPU
		{6F2ABD2F-1A42-4D98-990D-F91588C1E1B0}.Debug|Any CPU.Build.0 = Debug|Any CPU
		{6F2ABD2F-1A42-4D98-990D-F91588C1E1B0}.Debug|Mixed Platforms.ActiveCfg = Debug|Any CPU
		{6F2ABD2F-1A42-4D98-990D-F91588C1E1B0}.Debug|Mixed Platforms.Build.0 = Debug|Any CPU
		{6F2ABD2F-1A42-4D98-990D-F91588C1E1B0}.Debug|x86.ActiveCfg = Debug|Any CPU
		{6F2ABD2F-1A42-4D98-990D-F91588C1E1B0}.Release|Any CPU.ActiveCfg = Release|Any CPU
		{6F2ABD2F-1A42-4D98-990D-F91588C1E1B0}.Release|Any CPU.Build.0 = Release|Any CPU
		{6F2ABD2F-1A42-4D98-990D-F91588C1E1B0}.Release|Mixed Platforms.ActiveCfg = Release|Any CPU
		{6F2ABD2F-1A42-4D98-990D-F91588C1E1B0}.Release|Mixed Platforms.Build.0 = Release|Any CPU
		{6F2ABD2F-1A42-4D98-990D-F91588C1E1B0}.Release|x86.ActiveCfg = Release|Any CPU
		{F5925008-DE62-459D-9A0B-20EEBCCF4F4E}.Debug|Any CPU.ActiveCfg = Debug|Any CPU
		{F5925008-DE62-459D-9A0B-20EEBCCF4F4E}.Debug|Any CPU.Build.0 = Debug|Any CPU
		{F5925008-DE62-459D-9A0B-20EEBCCF4F4E}.Debug|Mixed Platforms.ActiveCfg = Debug|Any CPU
		{F5925008-DE62-459D-9A0B-20EEBCCF4F4E}.Debug|Mixed Platforms.Build.0 = Debug|Any CPU
		{F5925008-DE62-459D-9A0B-20EEBCCF4F4E}.Debug|x86.ActiveCfg = Debug|Any CPU
		{F5925008-DE62-459D-9A0B-20EEBCCF4F4E}.Release|Any CPU.ActiveCfg = Release|Any CPU
		{F5925008-DE62-459D-9A0B-20EEBCCF4F4E}.Release|Any CPU.Build.0 = Release|Any CPU
		{F5925008-DE62-459D-9A0B-20EEBCCF4F4E}.Release|Mixed Platforms.ActiveCfg = Release|Any CPU
		{F5925008-DE62-459D-9A0B-20EEBCCF4F4E}.Release|Mixed Platforms.Build.0 = Release|Any CPU
		{F5925008-DE62-459D-9A0B-20EEBCCF4F4E}.Release|x86.ActiveCfg = Release|Any CPU
		{3F1B48BB-4317-4F4C-85EE-353C65BE54BD}.Debug|Any CPU.ActiveCfg = Debug|x86
		{3F1B48BB-4317-4F4C-85EE-353C65BE54BD}.Debug|Mixed Platforms.ActiveCfg = Debug|x86
		{3F1B48BB-4317-4F4C-85EE-353C65BE54BD}.Debug|Mixed Platforms.Build.0 = Debug|x86
		{3F1B48BB-4317-4F4C-85EE-353C65BE54BD}.Debug|x86.ActiveCfg = Debug|x86
		{3F1B48BB-4317-4F4C-85EE-353C65BE54BD}.Debug|x86.Build.0 = Debug|x86
		{3F1B48BB-4317-4F4C-85EE-353C65BE54BD}.Release|Any CPU.ActiveCfg = Release|x86
		{3F1B48BB-4317-4F4C-85EE-353C65BE54BD}.Release|Mixed Platforms.ActiveCfg = Release|x86
		{3F1B48BB-4317-4F4C-85EE-353C65BE54BD}.Release|Mixed Platforms.Build.0 = Release|x86
		{3F1B48BB-4317-4F4C-85EE-353C65BE54BD}.Release|x86.ActiveCfg = Release|x86
		{3F1B48BB-4317-4F4C-85EE-353C65BE54BD}.Release|x86.Build.0 = Release|x86
		{32F73585-D685-4D73-98E8-41463A525B0D}.Debug|Any CPU.ActiveCfg = Debug|x86
		{32F73585-D685-4D73-98E8-41463A525B0D}.Debug|Mixed Platforms.ActiveCfg = Debug|x86
		{32F73585-D685-4D73-98E8-41463A525B0D}.Debug|Mixed Platforms.Build.0 = Debug|x86
		{32F73585-D685-4D73-98E8-41463A525B0D}.Debug|x86.ActiveCfg = Debug|x86
		{32F73585-D685-4D73-98E8-41463A525B0D}.Debug|x86.Build.0 = Debug|x86
		{32F73585-D685-4D73-98E8-41463A525B0D}.Release|Any CPU.ActiveCfg = Release|x86
		{32F73585-D685-4D73-98E8-41463A525B0D}.Release|Mixed Platforms.ActiveCfg = Release|x86
		{32F73585-D685-4D73-98E8-41463A525B0D}.Release|Mixed Platforms.Build.0 = Release|x86
		{32F73585-D685-4D73-98E8-41463A525B0D}.Release|x86.ActiveCfg = Release|x86
		{32F73585-D685-4D73-98E8-41463A525B0D}.Release|x86.Build.0 = Release|x86
		{136AE96C-3FE9-48D0-9AAC-3593AEC355C3}.Debug|Any CPU.ActiveCfg = Debug|Any CPU
		{136AE96C-3FE9-48D0-9AAC-3593AEC355C3}.Debug|Any CPU.Build.0 = Debug|Any CPU
		{136AE96C-3FE9-48D0-9AAC-3593AEC355C3}.Debug|Mixed Platforms.ActiveCfg = Debug|Any CPU
		{136AE96C-3FE9-48D0-9AAC-3593AEC355C3}.Debug|Mixed Platforms.Build.0 = Debug|Any CPU
		{136AE96C-3FE9-48D0-9AAC-3593AEC355C3}.Debug|x86.ActiveCfg = Debug|Any CPU
		{136AE96C-3FE9-48D0-9AAC-3593AEC355C3}.Release|Any CPU.ActiveCfg = Release|Any CPU
		{136AE96C-3FE9-48D0-9AAC-3593AEC355C3}.Release|Any CPU.Build.0 = Release|Any CPU
		{136AE96C-3FE9-48D0-9AAC-3593AEC355C3}.Release|Mixed Platforms.ActiveCfg = Release|Any CPU
		{136AE96C-3FE9-48D0-9AAC-3593AEC355C3}.Release|Mixed Platforms.Build.0 = Release|Any CPU
		{136AE96C-3FE9-48D0-9AAC-3593AEC355C3}.Release|x86.ActiveCfg = Release|Any CPU
		{0E50EB3D-CEC5-4CF8-9E06-4DDFC8B309D3}.Debug|Any CPU.ActiveCfg = Debug|Any CPU
		{0E50EB3D-CEC5-4CF8-9E06-4DDFC8B309D3}.Debug|Any CPU.Build.0 = Debug|Any CPU
		{0E50EB3D-CEC5-4CF8-9E06-4DDFC8B309D3}.Debug|Mixed Platforms.ActiveCfg = Debug|Any CPU
		{0E50EB3D-CEC5-4CF8-9E06-4DDFC8B309D3}.Debug|Mixed Platforms.Build.0 = Debug|Any CPU
		{0E50EB3D-CEC5-4CF8-9E06-4DDFC8B309D3}.Debug|x86.ActiveCfg = Debug|Any CPU
		{0E50EB3D-CEC5-4CF8-9E06-4DDFC8B309D3}.Release|Any CPU.ActiveCfg = Release|Any CPU
		{0E50EB3D-CEC5-4CF8-9E06-4DDFC8B309D3}.Release|Any CPU.Build.0 = Release|Any CPU
		{0E50EB3D-CEC5-4CF8-9E06-4DDFC8B309D3}.Release|Mixed Platforms.ActiveCfg = Release|Any CPU
		{0E50EB3D-CEC5-4CF8-9E06-4DDFC8B309D3}.Release|Mixed Platforms.Build.0 = Release|Any CPU
		{0E50EB3D-CEC5-4CF8-9E06-4DDFC8B309D3}.Release|x86.ActiveCfg = Release|Any CPU
		{870B718C-FB26-4652-9CE4-5F21DE3BEBCE}.Debug|Any CPU.ActiveCfg = Debug|Any CPU
		{870B718C-FB26-4652-9CE4-5F21DE3BEBCE}.Debug|Any CPU.Build.0 = Debug|Any CPU
		{870B718C-FB26-4652-9CE4-5F21DE3BEBCE}.Debug|Mixed Platforms.ActiveCfg = Debug|Any CPU
		{870B718C-FB26-4652-9CE4-5F21DE3BEBCE}.Debug|Mixed Platforms.Build.0 = Debug|Any CPU
		{870B718C-FB26-4652-9CE4-5F21DE3BEBCE}.Debug|x86.ActiveCfg = Debug|Any CPU
		{870B718C-FB26-4652-9CE4-5F21DE3BEBCE}.Release|Any CPU.ActiveCfg = Release|Any CPU
		{870B718C-FB26-4652-9CE4-5F21DE3BEBCE}.Release|Any CPU.Build.0 = Release|Any CPU
		{870B718C-FB26-4652-9CE4-5F21DE3BEBCE}.Release|Mixed Platforms.ActiveCfg = Release|Any CPU
		{870B718C-FB26-4652-9CE4-5F21DE3BEBCE}.Release|Mixed Platforms.Build.0 = Release|Any CPU
		{870B718C-FB26-4652-9CE4-5F21DE3BEBCE}.Release|x86.ActiveCfg = Release|Any CPU
		{8820F77D-A385-412B-A35F-562A37F1A8B6}.Debug|Any CPU.ActiveCfg = Debug|Any CPU
		{8820F77D-A385-412B-A35F-562A37F1A8B6}.Debug|Any CPU.Build.0 = Debug|Any CPU
		{8820F77D-A385-412B-A35F-562A37F1A8B6}.Debug|Mixed Platforms.ActiveCfg = Debug|Any CPU
		{8820F77D-A385-412B-A35F-562A37F1A8B6}.Debug|Mixed Platforms.Build.0 = Debug|Any CPU
		{8820F77D-A385-412B-A35F-562A37F1A8B6}.Debug|x86.ActiveCfg = Debug|Any CPU
		{8820F77D-A385-412B-A35F-562A37F1A8B6}.Release|Any CPU.ActiveCfg = Release|Any CPU
		{8820F77D-A385-412B-A35F-562A37F1A8B6}.Release|Any CPU.Build.0 = Release|Any CPU
		{8820F77D-A385-412B-A35F-562A37F1A8B6}.Release|Mixed Platforms.ActiveCfg = Release|Any CPU
		{8820F77D-A385-412B-A35F-562A37F1A8B6}.Release|Mixed Platforms.Build.0 = Release|Any CPU
		{8820F77D-A385-412B-A35F-562A37F1A8B6}.Release|x86.ActiveCfg = Release|Any CPU
		{5787395C-B952-4274-9B89-26126F294EFA}.Debug|Any CPU.ActiveCfg = Debug|Any CPU
		{5787395C-B952-4274-9B89-26126F294EFA}.Debug|Any CPU.Build.0 = Debug|Any CPU
		{5787395C-B952-4274-9B89-26126F294EFA}.Debug|Mixed Platforms.ActiveCfg = Debug|Any CPU
		{5787395C-B952-4274-9B89-26126F294EFA}.Debug|Mixed Platforms.Build.0 = Debug|Any CPU
		{5787395C-B952-4274-9B89-26126F294EFA}.Debug|x86.ActiveCfg = Debug|Any CPU
		{5787395C-B952-4274-9B89-26126F294EFA}.Release|Any CPU.ActiveCfg = Release|Any CPU
		{5787395C-B952-4274-9B89-26126F294EFA}.Release|Any CPU.Build.0 = Release|Any CPU
		{5787395C-B952-4274-9B89-26126F294EFA}.Release|Mixed Platforms.ActiveCfg = Release|Any CPU
		{5787395C-B952-4274-9B89-26126F294EFA}.Release|Mixed Platforms.Build.0 = Release|Any CPU
		{5787395C-B952-4274-9B89-26126F294EFA}.Release|x86.ActiveCfg = Release|Any CPU
		{4D1F20B6-4AC4-45D3-918A-C4DAFC95435F}.Debug|Any CPU.ActiveCfg = Debug|Any CPU
		{4D1F20B6-4AC4-45D3-918A-C4DAFC95435F}.Debug|Any CPU.Build.0 = Debug|Any CPU
		{4D1F20B6-4AC4-45D3-918A-C4DAFC95435F}.Debug|Mixed Platforms.ActiveCfg = Debug|Any CPU
		{4D1F20B6-4AC4-45D3-918A-C4DAFC95435F}.Debug|Mixed Platforms.Build.0 = Debug|Any CPU
		{4D1F20B6-4AC4-45D3-918A-C4DAFC95435F}.Debug|x86.ActiveCfg = Debug|Any CPU
		{4D1F20B6-4AC4-45D3-918A-C4DAFC95435F}.Release|Any CPU.ActiveCfg = Release|Any CPU
		{4D1F20B6-4AC4-45D3-918A-C4DAFC95435F}.Release|Any CPU.Build.0 = Release|Any CPU
		{4D1F20B6-4AC4-45D3-918A-C4DAFC95435F}.Release|Mixed Platforms.ActiveCfg = Release|Any CPU
		{4D1F20B6-4AC4-45D3-918A-C4DAFC95435F}.Release|Mixed Platforms.Build.0 = Release|Any CPU
		{4D1F20B6-4AC4-45D3-918A-C4DAFC95435F}.Release|x86.ActiveCfg = Release|Any CPU
		{13DAA171-0F3E-4EC2-9EDC-3073D0EC5FC0}.Debug|Any CPU.ActiveCfg = Debug|Any CPU
		{13DAA171-0F3E-4EC2-9EDC-3073D0EC5FC0}.Debug|Any CPU.Build.0 = Debug|Any CPU
		{13DAA171-0F3E-4EC2-9EDC-3073D0EC5FC0}.Debug|Mixed Platforms.ActiveCfg = Debug|Any CPU
		{13DAA171-0F3E-4EC2-9EDC-3073D0EC5FC0}.Debug|Mixed Platforms.Build.0 = Debug|Any CPU
		{13DAA171-0F3E-4EC2-9EDC-3073D0EC5FC0}.Debug|x86.ActiveCfg = Debug|Any CPU
		{13DAA171-0F3E-4EC2-9EDC-3073D0EC5FC0}.Release|Any CPU.ActiveCfg = Release|Any CPU
		{13DAA171-0F3E-4EC2-9EDC-3073D0EC5FC0}.Release|Any CPU.Build.0 = Release|Any CPU
		{13DAA171-0F3E-4EC2-9EDC-3073D0EC5FC0}.Release|Mixed Platforms.ActiveCfg = Release|Any CPU
		{13DAA171-0F3E-4EC2-9EDC-3073D0EC5FC0}.Release|Mixed Platforms.Build.0 = Release|Any CPU
		{13DAA171-0F3E-4EC2-9EDC-3073D0EC5FC0}.Release|x86.ActiveCfg = Release|Any CPU
		{FFD3110B-2629-45C7-9349-FC9C117251C8}.Debug|Any CPU.ActiveCfg = Debug|Any CPU
		{FFD3110B-2629-45C7-9349-FC9C117251C8}.Debug|Any CPU.Build.0 = Debug|Any CPU
		{FFD3110B-2629-45C7-9349-FC9C117251C8}.Debug|Mixed Platforms.ActiveCfg = Debug|Any CPU
		{FFD3110B-2629-45C7-9349-FC9C117251C8}.Debug|Mixed Platforms.Build.0 = Debug|Any CPU
		{FFD3110B-2629-45C7-9349-FC9C117251C8}.Debug|x86.ActiveCfg = Debug|Any CPU
		{FFD3110B-2629-45C7-9349-FC9C117251C8}.Release|Any CPU.ActiveCfg = Release|Any CPU
		{FFD3110B-2629-45C7-9349-FC9C117251C8}.Release|Any CPU.Build.0 = Release|Any CPU
		{FFD3110B-2629-45C7-9349-FC9C117251C8}.Release|Mixed Platforms.ActiveCfg = Release|Any CPU
		{FFD3110B-2629-45C7-9349-FC9C117251C8}.Release|Mixed Platforms.Build.0 = Release|Any CPU
		{FFD3110B-2629-45C7-9349-FC9C117251C8}.Release|x86.ActiveCfg = Release|Any CPU
		{81FA7A40-543A-477B-A0C1-E4317811195B}.Debug|Any CPU.ActiveCfg = Debug|Any CPU
		{81FA7A40-543A-477B-A0C1-E4317811195B}.Debug|Any CPU.Build.0 = Debug|Any CPU
		{81FA7A40-543A-477B-A0C1-E4317811195B}.Debug|Mixed Platforms.ActiveCfg = Debug|Any CPU
		{81FA7A40-543A-477B-A0C1-E4317811195B}.Debug|Mixed Platforms.Build.0 = Debug|Any CPU
		{81FA7A40-543A-477B-A0C1-E4317811195B}.Debug|x86.ActiveCfg = Debug|Any CPU
		{81FA7A40-543A-477B-A0C1-E4317811195B}.Release|Any CPU.ActiveCfg = Release|Any CPU
		{81FA7A40-543A-477B-A0C1-E4317811195B}.Release|Any CPU.Build.0 = Release|Any CPU
		{81FA7A40-543A-477B-A0C1-E4317811195B}.Release|Mixed Platforms.ActiveCfg = Release|Any CPU
		{81FA7A40-543A-477B-A0C1-E4317811195B}.Release|Mixed Platforms.Build.0 = Release|Any CPU
		{81FA7A40-543A-477B-A0C1-E4317811195B}.Release|x86.ActiveCfg = Release|Any CPU
		{88D23B8F-8904-462B-A24C-347148516085}.Debug|Any CPU.ActiveCfg = Debug|Any CPU
		{88D23B8F-8904-462B-A24C-347148516085}.Debug|Any CPU.Build.0 = Debug|Any CPU
		{88D23B8F-8904-462B-A24C-347148516085}.Debug|Mixed Platforms.ActiveCfg = Debug|Any CPU
		{88D23B8F-8904-462B-A24C-347148516085}.Debug|Mixed Platforms.Build.0 = Debug|Any CPU
		{88D23B8F-8904-462B-A24C-347148516085}.Debug|x86.ActiveCfg = Debug|Any CPU
		{88D23B8F-8904-462B-A24C-347148516085}.Release|Any CPU.ActiveCfg = Release|Any CPU
		{88D23B8F-8904-462B-A24C-347148516085}.Release|Any CPU.Build.0 = Release|Any CPU
		{88D23B8F-8904-462B-A24C-347148516085}.Release|Mixed Platforms.ActiveCfg = Release|Any CPU
		{88D23B8F-8904-462B-A24C-347148516085}.Release|Mixed Platforms.Build.0 = Release|Any CPU
		{88D23B8F-8904-462B-A24C-347148516085}.Release|x86.ActiveCfg = Release|Any CPU
		{7B8058F9-8CA4-409B-BFC6-D7335F644BBA}.Debug|Any CPU.ActiveCfg = Debug|Any CPU
		{7B8058F9-8CA4-409B-BFC6-D7335F644BBA}.Debug|Any CPU.Build.0 = Debug|Any CPU
		{7B8058F9-8CA4-409B-BFC6-D7335F644BBA}.Debug|Mixed Platforms.ActiveCfg = Debug|Any CPU
		{7B8058F9-8CA4-409B-BFC6-D7335F644BBA}.Debug|Mixed Platforms.Build.0 = Debug|Any CPU
		{7B8058F9-8CA4-409B-BFC6-D7335F644BBA}.Debug|x86.ActiveCfg = Debug|Any CPU
		{7B8058F9-8CA4-409B-BFC6-D7335F644BBA}.Release|Any CPU.ActiveCfg = Release|Any CPU
		{7B8058F9-8CA4-409B-BFC6-D7335F644BBA}.Release|Any CPU.Build.0 = Release|Any CPU
		{7B8058F9-8CA4-409B-BFC6-D7335F644BBA}.Release|Mixed Platforms.ActiveCfg = Release|Any CPU
		{7B8058F9-8CA4-409B-BFC6-D7335F644BBA}.Release|Mixed Platforms.Build.0 = Release|Any CPU
		{7B8058F9-8CA4-409B-BFC6-D7335F644BBA}.Release|x86.ActiveCfg = Release|Any CPU
		{F80366BC-7EE7-4A67-9702-8449E9C50A7C}.Debug|Any CPU.ActiveCfg = Debug|x86
		{F80366BC-7EE7-4A67-9702-8449E9C50A7C}.Debug|Mixed Platforms.ActiveCfg = Debug|x86
		{F80366BC-7EE7-4A67-9702-8449E9C50A7C}.Debug|Mixed Platforms.Build.0 = Debug|x86
		{F80366BC-7EE7-4A67-9702-8449E9C50A7C}.Debug|x86.ActiveCfg = Debug|x86
		{F80366BC-7EE7-4A67-9702-8449E9C50A7C}.Debug|x86.Build.0 = Debug|x86
		{F80366BC-7EE7-4A67-9702-8449E9C50A7C}.Release|Any CPU.ActiveCfg = Release|x86
		{F80366BC-7EE7-4A67-9702-8449E9C50A7C}.Release|Mixed Platforms.ActiveCfg = Release|x86
		{F80366BC-7EE7-4A67-9702-8449E9C50A7C}.Release|Mixed Platforms.Build.0 = Release|x86
		{F80366BC-7EE7-4A67-9702-8449E9C50A7C}.Release|x86.ActiveCfg = Release|x86
		{F80366BC-7EE7-4A67-9702-8449E9C50A7C}.Release|x86.Build.0 = Release|x86
		{6425F0D5-9E95-4274-8B96-7E3ED595A243}.Debug|Any CPU.ActiveCfg = Debug|Any CPU
		{6425F0D5-9E95-4274-8B96-7E3ED595A243}.Debug|Any CPU.Build.0 = Debug|Any CPU
		{6425F0D5-9E95-4274-8B96-7E3ED595A243}.Debug|Mixed Platforms.ActiveCfg = Debug|Any CPU
		{6425F0D5-9E95-4274-8B96-7E3ED595A243}.Debug|Mixed Platforms.Build.0 = Debug|Any CPU
		{6425F0D5-9E95-4274-8B96-7E3ED595A243}.Debug|x86.ActiveCfg = Debug|Any CPU
		{6425F0D5-9E95-4274-8B96-7E3ED595A243}.Release|Any CPU.ActiveCfg = Release|Any CPU
		{6425F0D5-9E95-4274-8B96-7E3ED595A243}.Release|Any CPU.Build.0 = Release|Any CPU
		{6425F0D5-9E95-4274-8B96-7E3ED595A243}.Release|Mixed Platforms.ActiveCfg = Release|Any CPU
		{6425F0D5-9E95-4274-8B96-7E3ED595A243}.Release|Mixed Platforms.Build.0 = Release|Any CPU
		{6425F0D5-9E95-4274-8B96-7E3ED595A243}.Release|x86.ActiveCfg = Release|Any CPU
		{F4779566-D8EB-42CD-8493-A34172C8674D}.Debug|Any CPU.ActiveCfg = Debug|Any CPU
		{F4779566-D8EB-42CD-8493-A34172C8674D}.Debug|Any CPU.Build.0 = Debug|Any CPU
		{F4779566-D8EB-42CD-8493-A34172C8674D}.Debug|Mixed Platforms.ActiveCfg = Debug|Any CPU
		{F4779566-D8EB-42CD-8493-A34172C8674D}.Debug|Mixed Platforms.Build.0 = Debug|Any CPU
		{F4779566-D8EB-42CD-8493-A34172C8674D}.Debug|x86.ActiveCfg = Debug|Any CPU
		{F4779566-D8EB-42CD-8493-A34172C8674D}.Release|Any CPU.ActiveCfg = Release|Any CPU
		{F4779566-D8EB-42CD-8493-A34172C8674D}.Release|Any CPU.Build.0 = Release|Any CPU
		{F4779566-D8EB-42CD-8493-A34172C8674D}.Release|Mixed Platforms.ActiveCfg = Release|Any CPU
		{F4779566-D8EB-42CD-8493-A34172C8674D}.Release|Mixed Platforms.Build.0 = Release|Any CPU
		{F4779566-D8EB-42CD-8493-A34172C8674D}.Release|x86.ActiveCfg = Release|Any CPU
	EndGlobalSection
	GlobalSection(SolutionProperties) = preSolution
		HideSolutionNode = FALSE
	EndGlobalSection
	GlobalSection(NestedProjects) = preSolution
		{85C80526-989A-42AE-BF5A-CD8E316C51A3} = {0843E061-02CA-422A-9E12-D4E027789127}
		{1A15EAA5-ECA7-4A8F-8A56-E2ADA6224E25} = {0843E061-02CA-422A-9E12-D4E027789127}
		{9632AD79-0C4B-48E3-8373-B4D11E740D21} = {0843E061-02CA-422A-9E12-D4E027789127}
		{88D23B8F-8904-462B-A24C-347148516085} = {0843E061-02CA-422A-9E12-D4E027789127}
		{C1154025-FCAB-40AF-A715-91D10420C321} = {D3FEC292-21D9-4DE0-94A5-732EAA7DE1DA}
		{8907FB4C-A733-4661-B629-6E4C2B92D625} = {D3FEC292-21D9-4DE0-94A5-732EAA7DE1DA}
		{8732F2D7-AEB1-4ED7-9231-3FC9195096EC} = {D3FEC292-21D9-4DE0-94A5-732EAA7DE1DA}
		{7D95068B-D52F-4DAA-A653-6D1011068C2F} = {D3FEC292-21D9-4DE0-94A5-732EAA7DE1DA}
		{4CFB9AA8-55F8-46DC-B7BD-9E18B9939110} = {D3FEC292-21D9-4DE0-94A5-732EAA7DE1DA}
		{0898C8D9-0170-4CC6-A738-60D4553B9951} = {D3FEC292-21D9-4DE0-94A5-732EAA7DE1DA}
		{AE737D46-D5FE-412D-A65B-54C8850DE105} = {D3FEC292-21D9-4DE0-94A5-732EAA7DE1DA}
		{40F8DC53-0890-4975-A413-6B3880E64221} = {D3FEC292-21D9-4DE0-94A5-732EAA7DE1DA}
		{BD03D646-3EA5-45D2-A8B7-6A93CAD38820} = {D3FEC292-21D9-4DE0-94A5-732EAA7DE1DA}
		{6F2ABD2F-1A42-4D98-990D-F91588C1E1B0} = {D3FEC292-21D9-4DE0-94A5-732EAA7DE1DA}
		{F5925008-DE62-459D-9A0B-20EEBCCF4F4E} = {D3FEC292-21D9-4DE0-94A5-732EAA7DE1DA}
		{3F1B48BB-4317-4F4C-85EE-353C65BE54BD} = {D3FEC292-21D9-4DE0-94A5-732EAA7DE1DA}
		{32F73585-D685-4D73-98E8-41463A525B0D} = {D3FEC292-21D9-4DE0-94A5-732EAA7DE1DA}
		{136AE96C-3FE9-48D0-9AAC-3593AEC355C3} = {D3FEC292-21D9-4DE0-94A5-732EAA7DE1DA}
		{0E50EB3D-CEC5-4CF8-9E06-4DDFC8B309D3} = {D3FEC292-21D9-4DE0-94A5-732EAA7DE1DA}
		{870B718C-FB26-4652-9CE4-5F21DE3BEBCE} = {D3FEC292-21D9-4DE0-94A5-732EAA7DE1DA}
		{8820F77D-A385-412B-A35F-562A37F1A8B6} = {D3FEC292-21D9-4DE0-94A5-732EAA7DE1DA}
		{5787395C-B952-4274-9B89-26126F294EFA} = {D3FEC292-21D9-4DE0-94A5-732EAA7DE1DA}
		{4D1F20B6-4AC4-45D3-918A-C4DAFC95435F} = {D3FEC292-21D9-4DE0-94A5-732EAA7DE1DA}
		{13DAA171-0F3E-4EC2-9EDC-3073D0EC5FC0} = {D3FEC292-21D9-4DE0-94A5-732EAA7DE1DA}
		{E036CA35-50C3-4396-B643-B3CCFD8519A9} = {D3FEC292-21D9-4DE0-94A5-732EAA7DE1DA}
		{7B8058F9-8CA4-409B-BFC6-D7335F644BBA} = {D3FEC292-21D9-4DE0-94A5-732EAA7DE1DA}
		{F80366BC-7EE7-4A67-9702-8449E9C50A7C} = {D3FEC292-21D9-4DE0-94A5-732EAA7DE1DA}
		{6425F0D5-9E95-4274-8B96-7E3ED595A243} = {D3FEC292-21D9-4DE0-94A5-732EAA7DE1DA}
		{F4779566-D8EB-42CD-8493-A34172C8674D} = {D3FEC292-21D9-4DE0-94A5-732EAA7DE1DA}
		{14B57A1D-8390-4823-8BB6-D5F0F65AAC92} = {01F721A3-2B8D-41E4-A50F-3D259FC8E4C0}
		{FFD3110B-2629-45C7-9349-FC9C117251C8} = {01F721A3-2B8D-41E4-A50F-3D259FC8E4C0}
		{81FA7A40-543A-477B-A0C1-E4317811195B} = {01F721A3-2B8D-41E4-A50F-3D259FC8E4C0}
	EndGlobalSection
	GlobalSection(SubversionScc) = preSolution
		Svn-Managed = True
		Manager = AnkhSVN - Subversion Support for Visual Studio
	EndGlobalSection
EndGlobal
